// !$*UTF8*$!
{
	archiveVersion = 1;
	classes = {
	};
	objectVersion = 46;
	objects = {

/* Begin PBXBuildFile section */
		0BD029EFEBB395A5FFCD8070 /* libPods-PhotoGallery.a in Frameworks */ = {isa = PBXBuildFile; fileRef = 73DD3BED009008E65A790C27 /* libPods-PhotoGallery.a */; };
		D53F974AB711D2684B730BF2 /* libPods-PhotoGalleryTests.a in Frameworks */ = {isa = PBXBuildFile; fileRef = F905EECF8D4E87318ECDC0DD /* libPods-PhotoGalleryTests.a */; };
		D618502294400FDF461EFFBB /* Tag.m in Sources */ = {isa = PBXBuildFile; fileRef = D6185CEC88910D9FAE79135B /* Tag.m */; };
		D618504FCC8F63F7FB3E68A2 /* SearchAPIServiceSpec.m in Sources */ = {isa = PBXBuildFile; fileRef = D618586C86EC1C8905C784C7 /* SearchAPIServiceSpec.m */; };
		D618507967505CF5150A677C /* ConfigurationKeys.m in Sources */ = {isa = PBXBuildFile; fileRef = D6185B540DF8FF22598D0536 /* ConfigurationKeys.m */; };
		D61850ABFB4B14F132D2A620 /* APIServiceProvider.m in Sources */ = {isa = PBXBuildFile; fileRef = D61852238026E37DDBF10231 /* APIServiceProvider.m */; };
		D618513921E533B5D0A49BBA /* PhotoAccessoriesView.m in Sources */ = {isa = PBXBuildFile; fileRef = D61856E775D0C0A7461743B5 /* PhotoAccessoriesView.m */; };
		D6185224ED47EAC2C0F47605 /* FlickrAPIErrorResponse.m in Sources */ = {isa = PBXBuildFile; fileRef = D6185C5F87D8EBD75A8EFA2E /* FlickrAPIErrorResponse.m */; };
		D618523D8936C178A38A2C34 /* Photo.m in Sources */ = {isa = PBXBuildFile; fileRef = D6185E08122C3AF6F64EA999 /* Photo.m */; };
		D6185260596A21AE4883D9FA /* SuggestionTagResponse.m in Sources */ = {isa = PBXBuildFile; fileRef = D6185D16E68D4D12AC59F3FB /* SuggestionTagResponse.m */; };
		D61852BFBA97EE4C177830DD /* SearchAPIService.m in Sources */ = {isa = PBXBuildFile; fileRef = D6185081EFB8662997F97289 /* SearchAPIService.m */; };
		D618541BB6BF4849419464EB /* PhotoDetailsViewController.m in Sources */ = {isa = PBXBuildFile; fileRef = D61854BCA2D9E1B01DDAD9FB /* PhotoDetailsViewController.m */; };
		D618547E1D24DA6A25F08211 /* BaseListFlickrAPIResponse.m in Sources */ = {isa = PBXBuildFile; fileRef = D61856CCA4C2C29A8F549AE3 /* BaseListFlickrAPIResponse.m */; };
		D618547FCCCC7BCE7FCDB747 /* PhotoCellViewModel.m in Sources */ = {isa = PBXBuildFile; fileRef = D618534A78CD56D26F1D39B8 /* PhotoCellViewModel.m */; };
		D618550712FB2ECA074E71D2 /* UICollectionView+EmptyState.m in Sources */ = {isa = PBXBuildFile; fileRef = D61858EACAE63524B9677986 /* UICollectionView+EmptyState.m */; };
		D618555FEAB1B650A215D395 /* PhotoViewCollectionCell.m in Sources */ = {isa = PBXBuildFile; fileRef = D6185E19C3EF7B5A903302C1 /* PhotoViewCollectionCell.m */; };
		D618557E4BBB5585EB036147 /* NetworkService.m in Sources */ = {isa = PBXBuildFile; fileRef = D6185CF5BD5BDDAD7DA82AB7 /* NetworkService.m */; };
		D6185581D2FAC8E01E9AFD17 /* SearchGalleryViewController.m in Sources */ = {isa = PBXBuildFile; fileRef = D618578DC64078539C84328F /* SearchGalleryViewController.m */; };
		D618558AAEABE178F6D3F7BF /* PhotoSearchFlickrAPIResponse.m in Sources */ = {isa = PBXBuildFile; fileRef = D6185070B71C1EF37F65B02E /* PhotoSearchFlickrAPIResponse.m */; };
		D61855CD752A9241886E334B /* PhotoDetailsTransitionAnimator.m in Sources */ = {isa = PBXBuildFile; fileRef = D6185224B87781059C6C1ACE /* PhotoDetailsTransitionAnimator.m */; };
		D61855E5F34EC7B2332B7617 /* SuggestionTagResponse.m in Sources */ = {isa = PBXBuildFile; fileRef = D6185D16E68D4D12AC59F3FB /* SuggestionTagResponse.m */; };
		D61856E93FD8923EC10F8E77 /* DefaultCollectionViewDelegate.m in Sources */ = {isa = PBXBuildFile; fileRef = D6185495DA2EC4CFDEE80784 /* DefaultCollectionViewDelegate.m */; };
		D61856EA30B7D9A74981C209 /* MainNavigationRouter.m in Sources */ = {isa = PBXBuildFile; fileRef = D6185146F59D6FD453F61C4E /* MainNavigationRouter.m */; };
		D61857896F12FCB903CAE547 /* SuggestionTagViewModel.m in Sources */ = {isa = PBXBuildFile; fileRef = D6185CC56F4DE83A891EFCA4 /* SuggestionTagViewModel.m */; };
		D61857D55C3704F736CB1A19 /* UIColor+PhotoGallery.m in Sources */ = {isa = PBXBuildFile; fileRef = D6185D42BCB3A8F4DB2E6550 /* UIColor+PhotoGallery.m */; };
		D6185859C1E203CAC3C50F89 /* SearchGalleryViewModel.m in Sources */ = {isa = PBXBuildFile; fileRef = D6185821697AF6CDA8BEB3DD /* SearchGalleryViewModel.m */; };
		D6185882936B33A8A628D58B /* SearchAPIService.m in Sources */ = {isa = PBXBuildFile; fileRef = D6185081EFB8662997F97289 /* SearchAPIService.m */; };
		D61858D89F0039BF6BA8F217 /* FlickrAPIErrorResponse.m in Sources */ = {isa = PBXBuildFile; fileRef = D6185C5F87D8EBD75A8EFA2E /* FlickrAPIErrorResponse.m */; };
		D61859148849932DFA35A232 /* Tag.m in Sources */ = {isa = PBXBuildFile; fileRef = D6185CEC88910D9FAE79135B /* Tag.m */; };
		D618591EE620E5E8491DCC4E /* SuggestionAPIService.m in Sources */ = {isa = PBXBuildFile; fileRef = D6185647185CD23F50B5BDE0 /* SuggestionAPIService.m */; };
		D6185927E49D7ED95E245B23 /* SuggestionViewController.m in Sources */ = {isa = PBXBuildFile; fileRef = D618590F4879B063A30A9484 /* SuggestionViewController.m */; };
		D618592F273B64CB9B7CD8F1 /* PhotoSearchFlickrAPIResponse.m in Sources */ = {isa = PBXBuildFile; fileRef = D6185070B71C1EF37F65B02E /* PhotoSearchFlickrAPIResponse.m */; };
		D61859D5D6183C8E8EDB45B7 /* Configuration.m in Sources */ = {isa = PBXBuildFile; fileRef = D618594B9F587E05A3771E26 /* Configuration.m */; };
		D61859F31699291A86A21797 /* PhotoDismissInteractionController.m in Sources */ = {isa = PBXBuildFile; fileRef = D6185ED75F576AE46F9E5265 /* PhotoDismissInteractionController.m */; };
		D6185A006AB7D2EAB8DD7328 /* FlickrAPIRequestSerializer.m in Sources */ = {isa = PBXBuildFile; fileRef = D6185FC13CF3EFBD92F3A97A /* FlickrAPIRequestSerializer.m */; };
		D6185A11A5A618D706B04A1B /* CollectionStorage.m in Sources */ = {isa = PBXBuildFile; fileRef = D61856F5A0863619772383AE /* CollectionStorage.m */; };
		D6185A3A50DC025F6A726F9B /* PhotoDetailsTransitionController.m in Sources */ = {isa = PBXBuildFile; fileRef = D6185A045EA030F516EA1F71 /* PhotoDetailsTransitionController.m */; };
		D6185A6FD60971ADC4BCE4C4 /* Photo.m in Sources */ = {isa = PBXBuildFile; fileRef = D6185E08122C3AF6F64EA999 /* Photo.m */; };
		D6185A76A0BB5A7E3A211CFE /* FlickrAPIRequestSerializer.m in Sources */ = {isa = PBXBuildFile; fileRef = D6185FC13CF3EFBD92F3A97A /* FlickrAPIRequestSerializer.m */; };
		D6185AD1AB1A5DBA5D8B45F9 /* ConfigurationKeys.m in Sources */ = {isa = PBXBuildFile; fileRef = D6185B540DF8FF22598D0536 /* ConfigurationKeys.m */; };
		D6185AEE265EA0E309FA7E73 /* DefaultCollectionViewDataSource.m in Sources */ = {isa = PBXBuildFile; fileRef = D61858D680CDC2CA2CD9333E /* DefaultCollectionViewDataSource.m */; };
		D6185B00099111CA57C86504 /* ErrorResponse.json in Resources */ = {isa = PBXBuildFile; fileRef = D6185213DF6861B76305BE8A /* ErrorResponse.json */; };
		D6185B843D206DD93FCF5AA4 /* ImageScrollView.m in Sources */ = {isa = PBXBuildFile; fileRef = D6185E2E13A80B2BCAC4BF86 /* ImageScrollView.m */; };
		D6185BCF5105BE8CA860EC0C /* SuggestionAPIService.m in Sources */ = {isa = PBXBuildFile; fileRef = D6185647185CD23F50B5BDE0 /* SuggestionAPIService.m */; };
		D6185C55E28A6969E37D0AB2 /* SuggestionTagViewModel.m in Sources */ = {isa = PBXBuildFile; fileRef = D6185CC56F4DE83A891EFCA4 /* SuggestionTagViewModel.m */; };
		D6185C7F73CDA04F4F46DD44 /* AutoUpdatingLayout.m in Sources */ = {isa = PBXBuildFile; fileRef = D6185C05988272B4489077C2 /* AutoUpdatingLayout.m */; };
		D6185CE01E08D750031F5243 /* Configuration.m in Sources */ = {isa = PBXBuildFile; fileRef = D618594B9F587E05A3771E26 /* Configuration.m */; };
		D6185D536BBEDD9F96D5B098 /* BaseListFlickrAPIResponse.m in Sources */ = {isa = PBXBuildFile; fileRef = D61856CCA4C2C29A8F549AE3 /* BaseListFlickrAPIResponse.m */; };
		D6185D60E7C414C080EB97FB /* APIServiceProvider.m in Sources */ = {isa = PBXBuildFile; fileRef = D61852238026E37DDBF10231 /* APIServiceProvider.m */; };
		D6185E2EA102E65F8DA95154 /* PhotoDetailsViewModel.m in Sources */ = {isa = PBXBuildFile; fileRef = D61859D9F3C59DF80230F02A /* PhotoDetailsViewModel.m */; };
		D6185EDAF888704D3B8B1A31 /* JSONLoader.m in Sources */ = {isa = PBXBuildFile; fileRef = D618532ABBB2F7AF5C3708E6 /* JSONLoader.m */; };
		D6185F0191E344E325DD1DEE /* PhotoSearchResponse.json in Resources */ = {isa = PBXBuildFile; fileRef = D6185D5BEC09BD01E36F917A /* PhotoSearchResponse.json */; };
		D6185F1E235CF35583ED9750 /* NetworkService.m in Sources */ = {isa = PBXBuildFile; fileRef = D6185CF5BD5BDDAD7DA82AB7 /* NetworkService.m */; };
		EF6A972B1D1E806600C45871 /* main.m in Sources */ = {isa = PBXBuildFile; fileRef = EF6A972A1D1E806600C45871 /* main.m */; };
		EF6A975C1D1E814F00C45871 /* Assets.xcassets in Resources */ = {isa = PBXBuildFile; fileRef = EF6A974F1D1E814F00C45871 /* Assets.xcassets */; };
		EF6A975D1D1E814F00C45871 /* LaunchScreen.storyboard in Resources */ = {isa = PBXBuildFile; fileRef = EF6A97501D1E814F00C45871 /* LaunchScreen.storyboard */; };
		EF6A975F1D1E814F00C45871 /* AppDelegate.m in Sources */ = {isa = PBXBuildFile; fileRef = EF6A97561D1E814F00C45871 /* AppDelegate.m */; };
		EFE5583E1D1EABAB004868E7 /* Development-Config.plist in Resources */ = {isa = PBXBuildFile; fileRef = EFE5583D1D1EABAB004868E7 /* Development-Config.plist */; };
/* End PBXBuildFile section */

/* Begin PBXContainerItemProxy section */
		EF6A97401D1E806600C45871 /* PBXContainerItemProxy */ = {
			isa = PBXContainerItemProxy;
			containerPortal = EF6A971E1D1E806600C45871 /* Project object */;
			proxyType = 1;
			remoteGlobalIDString = EF6A97251D1E806600C45871;
			remoteInfo = PhotoGallery;
		};
/* End PBXContainerItemProxy section */

/* Begin PBXFileReference section */
		18CA4AEDB90F688FFFDE322A /* Pods-PhotoGalleryTests.release.xcconfig */ = {isa = PBXFileReference; includeInIndex = 1; lastKnownFileType = text.xcconfig; name = "Pods-PhotoGalleryTests.release.xcconfig"; path = "Pods/Target Support Files/Pods-PhotoGalleryTests/Pods-PhotoGalleryTests.release.xcconfig"; sourceTree = "<group>"; };
		362E376B32B961F272EB109D /* Pods-PhotoGalleryTests.debug.xcconfig */ = {isa = PBXFileReference; includeInIndex = 1; lastKnownFileType = text.xcconfig; name = "Pods-PhotoGalleryTests.debug.xcconfig"; path = "Pods/Target Support Files/Pods-PhotoGalleryTests/Pods-PhotoGalleryTests.debug.xcconfig"; sourceTree = "<group>"; };
		73DD3BED009008E65A790C27 /* libPods-PhotoGallery.a */ = {isa = PBXFileReference; explicitFileType = archive.ar; includeInIndex = 0; path = "libPods-PhotoGallery.a"; sourceTree = BUILT_PRODUCTS_DIR; };
		96ADB4FCDE1EA2EFE7F4CA90 /* Pods-PhotoGallery.release.xcconfig */ = {isa = PBXFileReference; includeInIndex = 1; lastKnownFileType = text.xcconfig; name = "Pods-PhotoGallery.release.xcconfig"; path = "Pods/Target Support Files/Pods-PhotoGallery/Pods-PhotoGallery.release.xcconfig"; sourceTree = "<group>"; };
		A18E271374E84948FC5F6864 /* Pods-PhotoGallery.debug.xcconfig */ = {isa = PBXFileReference; includeInIndex = 1; lastKnownFileType = text.xcconfig; name = "Pods-PhotoGallery.debug.xcconfig"; path = "Pods/Target Support Files/Pods-PhotoGallery/Pods-PhotoGallery.debug.xcconfig"; sourceTree = "<group>"; };
		D6185031AA07C4982F1A7A9A /* ConfigurationKeys.h */ = {isa = PBXFileReference; fileEncoding = 4; lastKnownFileType = sourcecode.c.h; path = ConfigurationKeys.h; sourceTree = "<group>"; };
		D6185070B71C1EF37F65B02E /* PhotoSearchFlickrAPIResponse.m */ = {isa = PBXFileReference; fileEncoding = 4; lastKnownFileType = sourcecode.c.objc; path = PhotoSearchFlickrAPIResponse.m; sourceTree = "<group>"; };
		D6185081EFB8662997F97289 /* SearchAPIService.m */ = {isa = PBXFileReference; fileEncoding = 4; lastKnownFileType = sourcecode.c.objc; path = SearchAPIService.m; sourceTree = "<group>"; };
		D6185146F59D6FD453F61C4E /* MainNavigationRouter.m */ = {isa = PBXFileReference; fileEncoding = 4; lastKnownFileType = sourcecode.c.objc; path = MainNavigationRouter.m; sourceTree = "<group>"; };
		D61851565D3A0507EB9D5D10 /* SuggestionTagViewModel.h */ = {isa = PBXFileReference; fileEncoding = 4; lastKnownFileType = sourcecode.c.h; path = SuggestionTagViewModel.h; sourceTree = "<group>"; };
		D61851AD45C53383B64AD628 /* MainNavigationRouter.h */ = {isa = PBXFileReference; fileEncoding = 4; lastKnownFileType = sourcecode.c.h; path = MainNavigationRouter.h; sourceTree = "<group>"; };
		D6185213DF6861B76305BE8A /* ErrorResponse.json */ = {isa = PBXFileReference; fileEncoding = 4; lastKnownFileType = text.json; path = ErrorResponse.json; sourceTree = "<group>"; };
		D61852238026E37DDBF10231 /* APIServiceProvider.m */ = {isa = PBXFileReference; fileEncoding = 4; lastKnownFileType = sourcecode.c.objc; path = APIServiceProvider.m; sourceTree = "<group>"; };
		D6185224B87781059C6C1ACE /* PhotoDetailsTransitionAnimator.m */ = {isa = PBXFileReference; fileEncoding = 4; lastKnownFileType = sourcecode.c.objc; path = PhotoDetailsTransitionAnimator.m; sourceTree = "<group>"; };
		D618529A29289655F5845E08 /* UICollectionView+EmptyState.h */ = {isa = PBXFileReference; fileEncoding = 4; lastKnownFileType = sourcecode.c.h; path = "UICollectionView+EmptyState.h"; sourceTree = "<group>"; };
		D618532ABBB2F7AF5C3708E6 /* JSONLoader.m */ = {isa = PBXFileReference; fileEncoding = 4; lastKnownFileType = sourcecode.c.objc; path = JSONLoader.m; sourceTree = "<group>"; };
		D618534A78CD56D26F1D39B8 /* PhotoCellViewModel.m */ = {isa = PBXFileReference; fileEncoding = 4; lastKnownFileType = sourcecode.c.objc; path = PhotoCellViewModel.m; sourceTree = "<group>"; };
		D618536D02680929BE91270F /* SuggestionAPIService.h */ = {isa = PBXFileReference; fileEncoding = 4; lastKnownFileType = sourcecode.c.h; path = SuggestionAPIService.h; sourceTree = "<group>"; };
		D61853C70290E1B4471D64DE /* PhotoCellViewModel.h */ = {isa = PBXFileReference; fileEncoding = 4; lastKnownFileType = sourcecode.c.h; path = PhotoCellViewModel.h; sourceTree = "<group>"; };
		D61853EC429B0D269C93DE2E /* PhotoDetailsViewModel.h */ = {isa = PBXFileReference; fileEncoding = 4; lastKnownFileType = sourcecode.c.h; path = PhotoDetailsViewModel.h; sourceTree = "<group>"; };
		D6185485B8ECBA0C095A5533 /* PhotoDetailsTransitionAnimator.h */ = {isa = PBXFileReference; fileEncoding = 4; lastKnownFileType = sourcecode.c.h; path = PhotoDetailsTransitionAnimator.h; sourceTree = "<group>"; };
		D6185495DA2EC4CFDEE80784 /* DefaultCollectionViewDelegate.m */ = {isa = PBXFileReference; fileEncoding = 4; lastKnownFileType = sourcecode.c.objc; path = DefaultCollectionViewDelegate.m; sourceTree = "<group>"; };
		D61854BCA2D9E1B01DDAD9FB /* PhotoDetailsViewController.m */ = {isa = PBXFileReference; fileEncoding = 4; lastKnownFileType = sourcecode.c.objc; path = PhotoDetailsViewController.m; sourceTree = "<group>"; };
		D618550157F866AAFDA4DF24 /* DefaultCollectionViewDelegate.h */ = {isa = PBXFileReference; fileEncoding = 4; lastKnownFileType = sourcecode.c.h; path = DefaultCollectionViewDelegate.h; sourceTree = "<group>"; };
		D6185519F8B3BF864FA85188 /* SuggestionTagResponse.h */ = {isa = PBXFileReference; fileEncoding = 4; lastKnownFileType = sourcecode.c.h; path = SuggestionTagResponse.h; sourceTree = "<group>"; };
		D6185523EF1676830EB015A1 /* Photo.h */ = {isa = PBXFileReference; fileEncoding = 4; lastKnownFileType = sourcecode.c.h; path = Photo.h; sourceTree = "<group>"; };
		D6185548A247276CE8496EB1 /* PhotoDismissInteractionController.h */ = {isa = PBXFileReference; fileEncoding = 4; lastKnownFileType = sourcecode.c.h; path = PhotoDismissInteractionController.h; sourceTree = "<group>"; };
		D618557DB9921C164EB81A1D /* SearchAPI.h */ = {isa = PBXFileReference; fileEncoding = 4; lastKnownFileType = sourcecode.c.h; path = SearchAPI.h; sourceTree = "<group>"; };
		D61855B3590E0ED7409E1D10 /* APIServiceProvider.h */ = {isa = PBXFileReference; fileEncoding = 4; lastKnownFileType = sourcecode.c.h; path = APIServiceProvider.h; sourceTree = "<group>"; };
		D61855E5F30813081E82CE08 /* PhotoSearchFlickrAPIResponse.h */ = {isa = PBXFileReference; fileEncoding = 4; lastKnownFileType = sourcecode.c.h; path = PhotoSearchFlickrAPIResponse.h; sourceTree = "<group>"; };
		D6185647185CD23F50B5BDE0 /* SuggestionAPIService.m */ = {isa = PBXFileReference; fileEncoding = 4; lastKnownFileType = sourcecode.c.objc; path = SuggestionAPIService.m; sourceTree = "<group>"; };
		D618566B8C7AD9BEB4A5B3FE /* SuggestionViewController.h */ = {isa = PBXFileReference; fileEncoding = 4; lastKnownFileType = sourcecode.c.h; path = SuggestionViewController.h; sourceTree = "<group>"; };
		D618567D755C82C7487679D6 /* ImageScrollView.h */ = {isa = PBXFileReference; fileEncoding = 4; lastKnownFileType = sourcecode.c.h; path = ImageScrollView.h; sourceTree = "<group>"; };
		D6185685040413BF7B466D2D /* PhotoAccessoriesView.h */ = {isa = PBXFileReference; fileEncoding = 4; lastKnownFileType = sourcecode.c.h; path = PhotoAccessoriesView.h; sourceTree = "<group>"; };
		D61856CCA4C2C29A8F549AE3 /* BaseListFlickrAPIResponse.m */ = {isa = PBXFileReference; fileEncoding = 4; lastKnownFileType = sourcecode.c.objc; path = BaseListFlickrAPIResponse.m; sourceTree = "<group>"; };
		D61856E1A14878C8EC259694 /* Tag.h */ = {isa = PBXFileReference; fileEncoding = 4; lastKnownFileType = sourcecode.c.h; path = Tag.h; sourceTree = "<group>"; };
		D61856E775D0C0A7461743B5 /* PhotoAccessoriesView.m */ = {isa = PBXFileReference; fileEncoding = 4; lastKnownFileType = sourcecode.c.objc; path = PhotoAccessoriesView.m; sourceTree = "<group>"; };
		D61856EBBD8CDC96E0BCCD42 /* NetworkService.h */ = {isa = PBXFileReference; fileEncoding = 4; lastKnownFileType = sourcecode.c.h; path = NetworkService.h; sourceTree = "<group>"; };
		D61856F5A0863619772383AE /* CollectionStorage.m */ = {isa = PBXFileReference; fileEncoding = 4; lastKnownFileType = sourcecode.c.objc; path = CollectionStorage.m; sourceTree = "<group>"; };
		D6185714BBD4CF0E0D68B716 /* ConfigurationProtocol.h */ = {isa = PBXFileReference; fileEncoding = 4; lastKnownFileType = sourcecode.c.h; path = ConfigurationProtocol.h; sourceTree = "<group>"; };
		D6185724BD8C4648633AE677 /* MainRouting.h */ = {isa = PBXFileReference; fileEncoding = 4; lastKnownFileType = sourcecode.c.h; path = MainRouting.h; sourceTree = "<group>"; };
		D61857321754C0E27376EF19 /* PhotoViewCollectionCell.h */ = {isa = PBXFileReference; fileEncoding = 4; lastKnownFileType = sourcecode.c.h; path = PhotoViewCollectionCell.h; sourceTree = "<group>"; };
		D618578DC64078539C84328F /* SearchGalleryViewController.m */ = {isa = PBXFileReference; fileEncoding = 4; lastKnownFileType = sourcecode.c.objc; path = SearchGalleryViewController.m; sourceTree = "<group>"; };
		D61857AE011EDBE82F69A4F5 /* Configuration.h */ = {isa = PBXFileReference; fileEncoding = 4; lastKnownFileType = sourcecode.c.h; path = Configuration.h; sourceTree = "<group>"; };
		D61857FDB0E04487421BC61E /* APIServiceProviderProtocol.h */ = {isa = PBXFileReference; fileEncoding = 4; lastKnownFileType = sourcecode.c.h; path = APIServiceProviderProtocol.h; sourceTree = "<group>"; };
		D618580A9F1C8BC57E1EF972 /* DefaultCellProtocol.h */ = {isa = PBXFileReference; fileEncoding = 4; lastKnownFileType = sourcecode.c.h; path = DefaultCellProtocol.h; sourceTree = "<group>"; };
		D6185821697AF6CDA8BEB3DD /* SearchGalleryViewModel.m */ = {isa = PBXFileReference; fileEncoding = 4; lastKnownFileType = sourcecode.c.objc; path = SearchGalleryViewModel.m; sourceTree = "<group>"; };
		D618586C86EC1C8905C784C7 /* SearchAPIServiceSpec.m */ = {isa = PBXFileReference; fileEncoding = 4; lastKnownFileType = sourcecode.c.objc; path = SearchAPIServiceSpec.m; sourceTree = "<group>"; };
		D61858715E7857B156C6BE9F /* PhotoDetailsTransitionController.h */ = {isa = PBXFileReference; fileEncoding = 4; lastKnownFileType = sourcecode.c.h; path = PhotoDetailsTransitionController.h; sourceTree = "<group>"; };
		D61858B680E169748D11CB8F /* BaseListFlickrAPIResponse.h */ = {isa = PBXFileReference; fileEncoding = 4; lastKnownFileType = sourcecode.c.h; path = BaseListFlickrAPIResponse.h; sourceTree = "<group>"; };
		D61858D680CDC2CA2CD9333E /* DefaultCollectionViewDataSource.m */ = {isa = PBXFileReference; fileEncoding = 4; lastKnownFileType = sourcecode.c.objc; path = DefaultCollectionViewDataSource.m; sourceTree = "<group>"; };
		D61858EACAE63524B9677986 /* UICollectionView+EmptyState.m */ = {isa = PBXFileReference; fileEncoding = 4; lastKnownFileType = sourcecode.c.objc; path = "UICollectionView+EmptyState.m"; sourceTree = "<group>"; };
		D61858ECE7A0EB1F83022328 /* SearchGalleryViewModel.h */ = {isa = PBXFileReference; fileEncoding = 4; lastKnownFileType = sourcecode.c.h; path = SearchGalleryViewModel.h; sourceTree = "<group>"; };
		D618590F4879B063A30A9484 /* SuggestionViewController.m */ = {isa = PBXFileReference; fileEncoding = 4; lastKnownFileType = sourcecode.c.objc; path = SuggestionViewController.m; sourceTree = "<group>"; };
		D618594B9F587E05A3771E26 /* Configuration.m */ = {isa = PBXFileReference; fileEncoding = 4; lastKnownFileType = sourcecode.c.objc; path = Configuration.m; sourceTree = "<group>"; };
		D618594D548995B10E673BE9 /* AutoUpdatingLayout.h */ = {isa = PBXFileReference; fileEncoding = 4; lastKnownFileType = sourcecode.c.h; path = AutoUpdatingLayout.h; sourceTree = "<group>"; };
		D618597C2D87DAB5C3967850 /* FlickrAPIRequestSerializer.h */ = {isa = PBXFileReference; fileEncoding = 4; lastKnownFileType = sourcecode.c.h; path = FlickrAPIRequestSerializer.h; sourceTree = "<group>"; };
		D6185998EF8D3C15AFCFF411 /* JSONLoader.h */ = {isa = PBXFileReference; fileEncoding = 4; lastKnownFileType = sourcecode.c.h; path = JSONLoader.h; sourceTree = "<group>"; };
		D61859D9F3C59DF80230F02A /* PhotoDetailsViewModel.m */ = {isa = PBXFileReference; fileEncoding = 4; lastKnownFileType = sourcecode.c.objc; path = PhotoDetailsViewModel.m; sourceTree = "<group>"; };
		D6185A045EA030F516EA1F71 /* PhotoDetailsTransitionController.m */ = {isa = PBXFileReference; fileEncoding = 4; lastKnownFileType = sourcecode.c.objc; path = PhotoDetailsTransitionController.m; sourceTree = "<group>"; };
		D6185AD4E907304BFF5CB774 /* Networking.h */ = {isa = PBXFileReference; fileEncoding = 4; lastKnownFileType = sourcecode.c.h; path = Networking.h; sourceTree = "<group>"; };
		D6185B540DF8FF22598D0536 /* ConfigurationKeys.m */ = {isa = PBXFileReference; fileEncoding = 4; lastKnownFileType = sourcecode.c.objc; path = ConfigurationKeys.m; sourceTree = "<group>"; };
		D6185C05988272B4489077C2 /* AutoUpdatingLayout.m */ = {isa = PBXFileReference; fileEncoding = 4; lastKnownFileType = sourcecode.c.objc; path = AutoUpdatingLayout.m; sourceTree = "<group>"; };
		D6185C1EAA5CA2F965A0AB81 /* SearchAPIService.h */ = {isa = PBXFileReference; fileEncoding = 4; lastKnownFileType = sourcecode.c.h; path = SearchAPIService.h; sourceTree = "<group>"; };
		D6185C359FF2F5323EC846C6 /* DefaultCollectionViewDataSource.h */ = {isa = PBXFileReference; fileEncoding = 4; lastKnownFileType = sourcecode.c.h; path = DefaultCollectionViewDataSource.h; sourceTree = "<group>"; };
		D6185C5F87D8EBD75A8EFA2E /* FlickrAPIErrorResponse.m */ = {isa = PBXFileReference; fileEncoding = 4; lastKnownFileType = sourcecode.c.objc; path = FlickrAPIErrorResponse.m; sourceTree = "<group>"; };
		D6185C6D4782D42E582C9E08 /* CollectionSelectable.h */ = {isa = PBXFileReference; fileEncoding = 4; lastKnownFileType = sourcecode.c.h; path = CollectionSelectable.h; sourceTree = "<group>"; };
		D6185C806FD4FE4609E54F95 /* CollectionStorage.h */ = {isa = PBXFileReference; fileEncoding = 4; lastKnownFileType = sourcecode.c.h; path = CollectionStorage.h; sourceTree = "<group>"; };
		D6185CC56F4DE83A891EFCA4 /* SuggestionTagViewModel.m */ = {isa = PBXFileReference; fileEncoding = 4; lastKnownFileType = sourcecode.c.objc; path = SuggestionTagViewModel.m; sourceTree = "<group>"; };
		D6185CEC88910D9FAE79135B /* Tag.m */ = {isa = PBXFileReference; fileEncoding = 4; lastKnownFileType = sourcecode.c.objc; path = Tag.m; sourceTree = "<group>"; };
		D6185CF5BD5BDDAD7DA82AB7 /* NetworkService.m */ = {isa = PBXFileReference; fileEncoding = 4; lastKnownFileType = sourcecode.c.objc; path = NetworkService.m; sourceTree = "<group>"; };
		D6185D16E68D4D12AC59F3FB /* SuggestionTagResponse.m */ = {isa = PBXFileReference; fileEncoding = 4; lastKnownFileType = sourcecode.c.objc; path = SuggestionTagResponse.m; sourceTree = "<group>"; };
		D6185D42BCB3A8F4DB2E6550 /* UIColor+PhotoGallery.m */ = {isa = PBXFileReference; fileEncoding = 4; lastKnownFileType = sourcecode.c.objc; path = "UIColor+PhotoGallery.m"; sourceTree = "<group>"; };
		D6185D5BEC09BD01E36F917A /* PhotoSearchResponse.json */ = {isa = PBXFileReference; fileEncoding = 4; lastKnownFileType = text.json; path = PhotoSearchResponse.json; sourceTree = "<group>"; };
		D6185D616279B44C77E3EEFE /* CollectionStorageProtocol.h */ = {isa = PBXFileReference; fileEncoding = 4; lastKnownFileType = sourcecode.c.h; path = CollectionStorageProtocol.h; sourceTree = "<group>"; };
		D6185D8313D91A7E3AD94B56 /* SuggestionAPI.h */ = {isa = PBXFileReference; fileEncoding = 4; lastKnownFileType = sourcecode.c.h; path = SuggestionAPI.h; sourceTree = "<group>"; };
		D6185DE3F68175B570C3B1C4 /* PhotoDetailsViewController.h */ = {isa = PBXFileReference; fileEncoding = 4; lastKnownFileType = sourcecode.c.h; path = PhotoDetailsViewController.h; sourceTree = "<group>"; };
		D6185E08122C3AF6F64EA999 /* Photo.m */ = {isa = PBXFileReference; fileEncoding = 4; lastKnownFileType = sourcecode.c.objc; path = Photo.m; sourceTree = "<group>"; };
		D6185E19C3EF7B5A903302C1 /* PhotoViewCollectionCell.m */ = {isa = PBXFileReference; fileEncoding = 4; lastKnownFileType = sourcecode.c.objc; path = PhotoViewCollectionCell.m; sourceTree = "<group>"; };
		D6185E2E13A80B2BCAC4BF86 /* ImageScrollView.m */ = {isa = PBXFileReference; fileEncoding = 4; lastKnownFileType = sourcecode.c.objc; path = ImageScrollView.m; sourceTree = "<group>"; };
		D6185E4A513BE50E9762640F /* SearchGalleryViewController.h */ = {isa = PBXFileReference; fileEncoding = 4; lastKnownFileType = sourcecode.c.h; path = SearchGalleryViewController.h; sourceTree = "<group>"; };
		D6185ED75F576AE46F9E5265 /* PhotoDismissInteractionController.m */ = {isa = PBXFileReference; fileEncoding = 4; lastKnownFileType = sourcecode.c.objc; path = PhotoDismissInteractionController.m; sourceTree = "<group>"; };
		D6185FC13CF3EFBD92F3A97A /* FlickrAPIRequestSerializer.m */ = {isa = PBXFileReference; fileEncoding = 4; lastKnownFileType = sourcecode.c.objc; path = FlickrAPIRequestSerializer.m; sourceTree = "<group>"; };
		D6185FE8142831D253CC04D3 /* UIColor+PhotoGallery.h */ = {isa = PBXFileReference; fileEncoding = 4; lastKnownFileType = sourcecode.c.h; path = "UIColor+PhotoGallery.h"; sourceTree = "<group>"; };
		D6185FF597A68CA13285FFD2 /* FlickrAPIErrorResponse.h */ = {isa = PBXFileReference; fileEncoding = 4; lastKnownFileType = sourcecode.c.h; path = FlickrAPIErrorResponse.h; sourceTree = "<group>"; };
		EF6A97261D1E806600C45871 /* PhotoGallery.app */ = {isa = PBXFileReference; explicitFileType = wrapper.application; includeInIndex = 0; path = PhotoGallery.app; sourceTree = BUILT_PRODUCTS_DIR; };
		EF6A972A1D1E806600C45871 /* main.m */ = {isa = PBXFileReference; lastKnownFileType = sourcecode.c.objc; path = main.m; sourceTree = "<group>"; };
		EF6A973A1D1E806600C45871 /* Info.plist */ = {isa = PBXFileReference; lastKnownFileType = text.plist.xml; path = Info.plist; sourceTree = "<group>"; };
		EF6A973F1D1E806600C45871 /* PhotoGalleryTests.xctest */ = {isa = PBXFileReference; explicitFileType = wrapper.cfbundle; includeInIndex = 0; path = PhotoGalleryTests.xctest; sourceTree = BUILT_PRODUCTS_DIR; };
		EF6A97451D1E806600C45871 /* Info.plist */ = {isa = PBXFileReference; lastKnownFileType = text.plist.xml; path = Info.plist; sourceTree = "<group>"; };
		EF6A974F1D1E814F00C45871 /* Assets.xcassets */ = {isa = PBXFileReference; lastKnownFileType = folder.assetcatalog; path = Assets.xcassets; sourceTree = "<group>"; };
		EF6A97511D1E814F00C45871 /* Base */ = {isa = PBXFileReference; lastKnownFileType = file.storyboard; name = Base; path = Base.lproj/LaunchScreen.storyboard; sourceTree = "<group>"; };
		EF6A97551D1E814F00C45871 /* AppDelegate.h */ = {isa = PBXFileReference; fileEncoding = 4; lastKnownFileType = sourcecode.c.h; path = AppDelegate.h; sourceTree = "<group>"; };
		EF6A97561D1E814F00C45871 /* AppDelegate.m */ = {isa = PBXFileReference; fileEncoding = 4; lastKnownFileType = sourcecode.c.objc; path = AppDelegate.m; sourceTree = "<group>"; };
		EFE5583D1D1EABAB004868E7 /* Development-Config.plist */ = {isa = PBXFileReference; fileEncoding = 4; lastKnownFileType = text.plist.xml; path = "Development-Config.plist"; sourceTree = "<group>"; };
		F905EECF8D4E87318ECDC0DD /* libPods-PhotoGalleryTests.a */ = {isa = PBXFileReference; explicitFileType = archive.ar; includeInIndex = 0; path = "libPods-PhotoGalleryTests.a"; sourceTree = BUILT_PRODUCTS_DIR; };
/* End PBXFileReference section */

/* Begin PBXFrameworksBuildPhase section */
		EF6A97231D1E806600C45871 /* Frameworks */ = {
			isa = PBXFrameworksBuildPhase;
			buildActionMask = 2147483647;
			files = (
				0BD029EFEBB395A5FFCD8070 /* libPods-PhotoGallery.a in Frameworks */,
			);
			runOnlyForDeploymentPostprocessing = 0;
		};
		EF6A973C1D1E806600C45871 /* Frameworks */ = {
			isa = PBXFrameworksBuildPhase;
			buildActionMask = 2147483647;
			files = (
				D53F974AB711D2684B730BF2 /* libPods-PhotoGalleryTests.a in Frameworks */,
			);
			runOnlyForDeploymentPostprocessing = 0;
		};
/* End PBXFrameworksBuildPhase section */

/* Begin PBXGroup section */
		4F2C86C1EB528FFEE505E29B /* Pods */ = {
			isa = PBXGroup;
			children = (
				A18E271374E84948FC5F6864 /* Pods-PhotoGallery.debug.xcconfig */,
				96ADB4FCDE1EA2EFE7F4CA90 /* Pods-PhotoGallery.release.xcconfig */,
				362E376B32B961F272EB109D /* Pods-PhotoGalleryTests.debug.xcconfig */,
				18CA4AEDB90F688FFFDE322A /* Pods-PhotoGalleryTests.release.xcconfig */,
			);
			name = Pods;
			sourceTree = "<group>";
		};
		CF9B760DE5F01BB8E1631245 /* Frameworks */ = {
			isa = PBXGroup;
			children = (
				73DD3BED009008E65A790C27 /* libPods-PhotoGallery.a */,
				F905EECF8D4E87318ECDC0DD /* libPods-PhotoGalleryTests.a */,
			);
			name = Frameworks;
			sourceTree = "<group>";
		};
		D6185044FE63449029249793 /* Networking */ = {
			isa = PBXGroup;
			children = (
				D6185CF5BD5BDDAD7DA82AB7 /* NetworkService.m */,
				D61856EBBD8CDC96E0BCCD42 /* NetworkService.h */,
				D6185E1341B4E1B4830D03B6 /* Request Serializer */,
				D6185AD4E907304BFF5CB774 /* Networking.h */,
			);
			path = Networking;
			sourceTree = "<group>";
		};
		D618508FD0FEBA0CBB36E6BB /* Configuration */ = {
			isa = PBXGroup;
			children = (
				D61857AE011EDBE82F69A4F5 /* Configuration.h */,
				D618594B9F587E05A3771E26 /* Configuration.m */,
				D6185714BBD4CF0E0D68B716 /* ConfigurationProtocol.h */,
				D6185B540DF8FF22598D0536 /* ConfigurationKeys.m */,
				D6185031AA07C4982F1A7A9A /* ConfigurationKeys.h */,
			);
			path = Configuration;
			sourceTree = "<group>";
		};
		D61850E6C4429E022EEA678C /* Photo Details */ = {
			isa = PBXGroup;
			children = (
				D6185CAD9972F7EDF97A39BE /* Transitions */,
				D61854BCA2D9E1B01DDAD9FB /* PhotoDetailsViewController.m */,
				D6185DE3F68175B570C3B1C4 /* PhotoDetailsViewController.h */,
				D6185DB91C22AE577426579E /* Views */,
				D61859D9F3C59DF80230F02A /* PhotoDetailsViewModel.m */,
				D61853EC429B0D269C93DE2E /* PhotoDetailsViewModel.h */,
			);
			path = "Photo Details";
			sourceTree = "<group>";
		};
		D6185105EED356F2066BE2FB /* ColllectionView Helpers */ = {
			isa = PBXGroup;
			children = (
				D618550157F866AAFDA4DF24 /* DefaultCollectionViewDelegate.h */,
				D61858D680CDC2CA2CD9333E /* DefaultCollectionViewDataSource.m */,
				D6185495DA2EC4CFDEE80784 /* DefaultCollectionViewDelegate.m */,
				D6185C359FF2F5323EC846C6 /* DefaultCollectionViewDataSource.h */,
				D6185C6D4782D42E582C9E08 /* CollectionSelectable.h */,
			);
			path = "ColllectionView Helpers";
			sourceTree = "<group>";
		};
		D618515BBB6C936EB25835A6 /* Storage */ = {
			isa = PBXGroup;
			children = (
				D6185D616279B44C77E3EEFE /* CollectionStorageProtocol.h */,
				D61856F5A0863619772383AE /* CollectionStorage.m */,
				D6185C806FD4FE4609E54F95 /* CollectionStorage.h */,
			);
			path = Storage;
			sourceTree = "<group>";
		};
		D618524FC5A1ED66A8C72496 /* Tag */ = {
			isa = PBXGroup;
			children = (
				D6185CEC88910D9FAE79135B /* Tag.m */,
				D61856E1A14878C8EC259694 /* Tag.h */,
			);
			path = Tag;
			sourceTree = "<group>";
		};
		D6185396311E4813B666D891 /* SearchAPIService */ = {
			isa = PBXGroup;
			children = (
				D618586C86EC1C8905C784C7 /* SearchAPIServiceSpec.m */,
			);
			path = SearchAPIService;
			sourceTree = "<group>";
		};
		D618559DD303DA823EA77FEA /* Suggestion API */ = {
			isa = PBXGroup;
			children = (
				D6185647185CD23F50B5BDE0 /* SuggestionAPIService.m */,
				D618536D02680929BE91270F /* SuggestionAPIService.h */,
				D6185D8313D91A7E3AD94B56 /* SuggestionAPI.h */,
			);
			path = "Suggestion API";
			sourceTree = "<group>";
		};
		D61855BEA67D4F426E60E129 /* Error Response */ = {
			isa = PBXGroup;
			children = (
				D6185C5F87D8EBD75A8EFA2E /* FlickrAPIErrorResponse.m */,
				D6185FF597A68CA13285FFD2 /* FlickrAPIErrorResponse.h */,
			);
			path = "Error Response";
			sourceTree = "<group>";
		};
		D618560D6F601CD051297D3E /* UIColor category */ = {
			isa = PBXGroup;
			children = (
				D6185FE8142831D253CC04D3 /* UIColor+PhotoGallery.h */,
				D6185D42BCB3A8F4DB2E6550 /* UIColor+PhotoGallery.m */,
			);
			path = "UIColor category";
			sourceTree = "<group>";
		};
		D61857572B9292B06A83A390 /* AutoUpdatingLayout */ = {
			isa = PBXGroup;
			children = (
				D618594D548995B10E673BE9 /* AutoUpdatingLayout.h */,
				D6185C05988272B4489077C2 /* AutoUpdatingLayout.m */,
			);
			path = AutoUpdatingLayout;
			sourceTree = "<group>";
		};
		D6185781A31EF651C13103CE /* CollectionView EmptyState */ = {
			isa = PBXGroup;
			children = (
				D61858EACAE63524B9677986 /* UICollectionView+EmptyState.m */,
				D618529A29289655F5845E08 /* UICollectionView+EmptyState.h */,
			);
			path = "CollectionView EmptyState";
			sourceTree = "<group>";
		};
		D618579D0A33AEF7D3E9947B /* Base Models */ = {
			isa = PBXGroup;
			children = (
				D61856CCA4C2C29A8F549AE3 /* BaseListFlickrAPIResponse.m */,
				D61858B680E169748D11CB8F /* BaseListFlickrAPIResponse.h */,
			);
			path = "Base Models";
			sourceTree = "<group>";
		};
		D618585224C4729E5117FE67 /* Routing */ = {
			isa = PBXGroup;
			children = (
				D6185146F59D6FD453F61C4E /* MainNavigationRouter.m */,
				D61851AD45C53383B64AD628 /* MainNavigationRouter.h */,
				D6185724BD8C4648633AE677 /* MainRouting.h */,
			);
			path = Routing;
			sourceTree = "<group>";
		};
		D61858FE22ABA8D47343BA94 /* Suggestions */ = {
			isa = PBXGroup;
			children = (
				D6185CC56F4DE83A891EFCA4 /* SuggestionTagViewModel.m */,
				D61851565D3A0507EB9D5D10 /* SuggestionTagViewModel.h */,
				D618566B8C7AD9BEB4A5B3FE /* SuggestionViewController.h */,
				D618590F4879B063A30A9484 /* SuggestionViewController.m */,
			);
			path = Suggestions;
			sourceTree = "<group>";
		};
		D61859091AC9324465A52FFA /* Photo Search Response */ = {
			isa = PBXGroup;
			children = (
				D6185070B71C1EF37F65B02E /* PhotoSearchFlickrAPIResponse.m */,
				D61855E5F30813081E82CE08 /* PhotoSearchFlickrAPIResponse.h */,
			);
			path = "Photo Search Response";
			sourceTree = "<group>";
		};
		D6185A0D082B73DB58B43180 /* API Service Provider */ = {
			isa = PBXGroup;
			children = (
				D61852238026E37DDBF10231 /* APIServiceProvider.m */,
				D61855B3590E0ED7409E1D10 /* APIServiceProvider.h */,
				D61857FDB0E04487421BC61E /* APIServiceProviderProtocol.h */,
			);
			path = "API Service Provider";
			sourceTree = "<group>";
		};
		D6185A535E0304E2CC861AA6 /* Suggestion Tag Response */ = {
			isa = PBXGroup;
			children = (
				D6185D16E68D4D12AC59F3FB /* SuggestionTagResponse.m */,
				D6185519F8B3BF864FA85188 /* SuggestionTagResponse.h */,
			);
			path = "Suggestion Tag Response";
			sourceTree = "<group>";
		};
		D6185A57FDB9E76D5237BA75 /* Views */ = {
			isa = PBXGroup;
			children = (
				D618580A9F1C8BC57E1EF972 /* DefaultCellProtocol.h */,
				D61857572B9292B06A83A390 /* AutoUpdatingLayout */,
				D6185781A31EF651C13103CE /* CollectionView EmptyState */,
				D6185C4089A3842EF9E9ECDF /* ImageScrollView */,
				D618560D6F601CD051297D3E /* UIColor category */,
			);
			path = Views;
			sourceTree = "<group>";
		};
		D6185BC7086ED4A4D1918C1A /* Search Gallery */ = {
			isa = PBXGroup;
			children = (
				D618578DC64078539C84328F /* SearchGalleryViewController.m */,
				D6185E4A513BE50E9762640F /* SearchGalleryViewController.h */,
				D6185821697AF6CDA8BEB3DD /* SearchGalleryViewModel.m */,
				D61858ECE7A0EB1F83022328 /* SearchGalleryViewModel.h */,
				D6185D75B2427E93204F0E85 /* Cells */,
				D61858FE22ABA8D47343BA94 /* Suggestions */,
			);
			path = "Search Gallery";
			sourceTree = "<group>";
		};
		D6185C4089A3842EF9E9ECDF /* ImageScrollView */ = {
			isa = PBXGroup;
			children = (
				D6185E2E13A80B2BCAC4BF86 /* ImageScrollView.m */,
				D618567D755C82C7487679D6 /* ImageScrollView.h */,
			);
			path = ImageScrollView;
			sourceTree = "<group>";
		};
		D6185CAD9972F7EDF97A39BE /* Transitions */ = {
			isa = PBXGroup;
			children = (
				D6185485B8ECBA0C095A5533 /* PhotoDetailsTransitionAnimator.h */,
				D6185224B87781059C6C1ACE /* PhotoDetailsTransitionAnimator.m */,
				D61858715E7857B156C6BE9F /* PhotoDetailsTransitionController.h */,
				D6185A045EA030F516EA1F71 /* PhotoDetailsTransitionController.m */,
				D6185548A247276CE8496EB1 /* PhotoDismissInteractionController.h */,
				D6185ED75F576AE46F9E5265 /* PhotoDismissInteractionController.m */,
			);
			path = Transitions;
			sourceTree = "<group>";
		};
		D6185CE7DDAFCD4CED5C065F /* Responses */ = {
			isa = PBXGroup;
			children = (
				D61859091AC9324465A52FFA /* Photo Search Response */,
				D6185A535E0304E2CC861AA6 /* Suggestion Tag Response */,
			);
			path = Responses;
			sourceTree = "<group>";
		};
		D6185CEA07230375ED6B7C04 /* Search API */ = {
			isa = PBXGroup;
			children = (
				D618557DB9921C164EB81A1D /* SearchAPI.h */,
				D6185081EFB8662997F97289 /* SearchAPIService.m */,
				D6185C1EAA5CA2F965A0AB81 /* SearchAPIService.h */,
			);
			path = "Search API";
			sourceTree = "<group>";
		};
		D6185CF59CD857A9F54E671A /* Photo */ = {
			isa = PBXGroup;
			children = (
				D6185E08122C3AF6F64EA999 /* Photo.m */,
				D6185523EF1676830EB015A1 /* Photo.h */,
			);
			path = Photo;
			sourceTree = "<group>";
		};
		D6185D75B2427E93204F0E85 /* Cells */ = {
			isa = PBXGroup;
			children = (
				D6185E19C3EF7B5A903302C1 /* PhotoViewCollectionCell.m */,
				D61857321754C0E27376EF19 /* PhotoViewCollectionCell.h */,
				D61853C70290E1B4471D64DE /* PhotoCellViewModel.h */,
				D618534A78CD56D26F1D39B8 /* PhotoCellViewModel.m */,
			);
			path = Cells;
			sourceTree = "<group>";
		};
		D6185D84844375207216FFD4 /* Domain */ = {
			isa = PBXGroup;
			children = (
				D618579D0A33AEF7D3E9947B /* Base Models */,
				D6185CF59CD857A9F54E671A /* Photo */,
				D61855BEA67D4F426E60E129 /* Error Response */,
				D6185CE7DDAFCD4CED5C065F /* Responses */,
				D618524FC5A1ED66A8C72496 /* Tag */,
			);
			path = Domain;
			sourceTree = "<group>";
		};
		D6185DB91C22AE577426579E /* Views */ = {
			isa = PBXGroup;
			children = (
				D6185685040413BF7B466D2D /* PhotoAccessoriesView.h */,
				D61856E775D0C0A7461743B5 /* PhotoAccessoriesView.m */,
			);
			path = Views;
			sourceTree = "<group>";
		};
		D6185E1159F36AFEC27A7176 /* JsonLoader */ = {
			isa = PBXGroup;
			children = (
				D6185998EF8D3C15AFCFF411 /* JSONLoader.h */,
				D618532ABBB2F7AF5C3708E6 /* JSONLoader.m */,
			);
			path = JsonLoader;
			sourceTree = "<group>";
		};
		D6185E1341B4E1B4830D03B6 /* Request Serializer */ = {
			isa = PBXGroup;
			children = (
				D6185FC13CF3EFBD92F3A97A /* FlickrAPIRequestSerializer.m */,
				D618597C2D87DAB5C3967850 /* FlickrAPIRequestSerializer.h */,
			);
			path = "Request Serializer";
			sourceTree = "<group>";
		};
		EF6A971D1D1E806600C45871 = {
			isa = PBXGroup;
			children = (
				EF6A97281D1E806600C45871 /* PhotoGallery */,
				EF6A97421D1E806600C45871 /* PhotoGalleryTests */,
				EF6A97271D1E806600C45871 /* Products */,
				4F2C86C1EB528FFEE505E29B /* Pods */,
				CF9B760DE5F01BB8E1631245 /* Frameworks */,
			);
			sourceTree = "<group>";
		};
		EF6A97271D1E806600C45871 /* Products */ = {
			isa = PBXGroup;
			children = (
				EF6A97261D1E806600C45871 /* PhotoGallery.app */,
				EF6A973F1D1E806600C45871 /* PhotoGalleryTests.xctest */,
			);
			name = Products;
			sourceTree = "<group>";
		};
		EF6A97281D1E806600C45871 /* PhotoGallery */ = {
			isa = PBXGroup;
			children = (
				EF6A97541D1E814F00C45871 /* Classes */,
				EF6A974E1D1E814F00C45871 /* Resources */,
				EF6A97291D1E806600C45871 /* Supporting Files */,
				EF6A973A1D1E806600C45871 /* Info.plist */,
			);
			path = PhotoGallery;
			sourceTree = "<group>";
		};
		EF6A97291D1E806600C45871 /* Supporting Files */ = {
			isa = PBXGroup;
			children = (
				EF6A972A1D1E806600C45871 /* main.m */,
			);
			name = "Supporting Files";
			sourceTree = "<group>";
		};
		EF6A97421D1E806600C45871 /* PhotoGalleryTests */ = {
			isa = PBXGroup;
			children = (
				EF6A97451D1E806600C45871 /* Info.plist */,
				D6185396311E4813B666D891 /* SearchAPIService */,
				D6185213DF6861B76305BE8A /* ErrorResponse.json */,
				D6185D5BEC09BD01E36F917A /* PhotoSearchResponse.json */,
				D6185E1159F36AFEC27A7176 /* JsonLoader */,
			);
			path = PhotoGalleryTests;
			sourceTree = "<group>";
		};
		EF6A974E1D1E814F00C45871 /* Resources */ = {
			isa = PBXGroup;
			children = (
				EFE5583C1D1EABAB004868E7 /* Configurations */,
				EF6A974F1D1E814F00C45871 /* Assets.xcassets */,
				EF6A97501D1E814F00C45871 /* LaunchScreen.storyboard */,
			);
			path = Resources;
			sourceTree = "<group>";
		};
		EF6A97541D1E814F00C45871 /* Classes */ = {
			isa = PBXGroup;
			children = (
				EF6A97551D1E814F00C45871 /* AppDelegate.h */,
				EF6A97561D1E814F00C45871 /* AppDelegate.m */,
				EF6A97571D1E814F00C45871 /* Models */,
				EF6A97581D1E814F00C45871 /* Screens */,
				EF6A975B1D1E814F00C45871 /* Services */,
				D6185A57FDB9E76D5237BA75 /* Views */,
				D618585224C4729E5117FE67 /* Routing */,
			);
			path = Classes;
			sourceTree = "<group>";
		};
		EF6A97571D1E814F00C45871 /* Models */ = {
			isa = PBXGroup;
			children = (
				D618508FD0FEBA0CBB36E6BB /* Configuration */,
				D618515BBB6C936EB25835A6 /* Storage */,
				D6185D84844375207216FFD4 /* Domain */,
				D6185105EED356F2066BE2FB /* ColllectionView Helpers */,
			);
			path = Models;
			sourceTree = "<group>";
		};
		EF6A97581D1E814F00C45871 /* Screens */ = {
			isa = PBXGroup;
			children = (
				D61850E6C4429E022EEA678C /* Photo Details */,
				D6185BC7086ED4A4D1918C1A /* Search Gallery */,
			);
			path = Screens;
			sourceTree = "<group>";
		};
		EF6A975B1D1E814F00C45871 /* Services */ = {
			isa = PBXGroup;
			children = (
				D6185CEA07230375ED6B7C04 /* Search API */,
				D618559DD303DA823EA77FEA /* Suggestion API */,
				D6185044FE63449029249793 /* Networking */,
				D6185A0D082B73DB58B43180 /* API Service Provider */,
			);
			path = Services;
			sourceTree = "<group>";
		};
		EFE5583C1D1EABAB004868E7 /* Configurations */ = {
			isa = PBXGroup;
			children = (
				EFE5583D1D1EABAB004868E7 /* Development-Config.plist */,
			);
			path = Configurations;
			sourceTree = "<group>";
		};
/* End PBXGroup section */

/* Begin PBXNativeTarget section */
		EF6A97251D1E806600C45871 /* PhotoGallery */ = {
			isa = PBXNativeTarget;
			buildConfigurationList = EF6A97481D1E806600C45871 /* Build configuration list for PBXNativeTarget "PhotoGallery" */;
			buildPhases = (
				0276F26E4BD9213B625034BD /* Check Pods Manifest.lock */,
				EF6A97221D1E806600C45871 /* Sources */,
				EF6A97231D1E806600C45871 /* Frameworks */,
				EF6A97241D1E806600C45871 /* Resources */,
				474013960E9701FFD7869758 /* Embed Pods Frameworks */,
				EB1597BB53CFE1DDE0F883F0 /* Copy Pods Resources */,
			);
			buildRules = (
			);
			dependencies = (
			);
			name = PhotoGallery;
			productName = PhotoGallery;
			productReference = EF6A97261D1E806600C45871 /* PhotoGallery.app */;
			productType = "com.apple.product-type.application";
		};
		EF6A973E1D1E806600C45871 /* PhotoGalleryTests */ = {
			isa = PBXNativeTarget;
			buildConfigurationList = EF6A974B1D1E806600C45871 /* Build configuration list for PBXNativeTarget "PhotoGalleryTests" */;
			buildPhases = (
				0E86E2B38158D46BA429C1AA /* Check Pods Manifest.lock */,
				EF6A973B1D1E806600C45871 /* Sources */,
				EF6A973C1D1E806600C45871 /* Frameworks */,
				EF6A973D1D1E806600C45871 /* Resources */,
				9108D244F14C71F972862C90 /* Embed Pods Frameworks */,
				769B00687A78FE3E6852034A /* Copy Pods Resources */,
			);
			buildRules = (
			);
			dependencies = (
				EF6A97411D1E806600C45871 /* PBXTargetDependency */,
			);
			name = PhotoGalleryTests;
			productName = PhotoGalleryTests;
			productReference = EF6A973F1D1E806600C45871 /* PhotoGalleryTests.xctest */;
			productType = "com.apple.product-type.bundle.unit-test";
		};
/* End PBXNativeTarget section */

/* Begin PBXProject section */
		EF6A971E1D1E806600C45871 /* Project object */ = {
			isa = PBXProject;
			attributes = {
				LastUpgradeCheck = 0730;
				ORGANIZATIONNAME = Tulusha.com;
				TargetAttributes = {
					EF6A97251D1E806600C45871 = {
						CreatedOnToolsVersion = 7.3;
						DevelopmentTeam = 88GZ4GY3GM;
					};
					EF6A973E1D1E806600C45871 = {
						CreatedOnToolsVersion = 7.3;
					};
				};
			};
			buildConfigurationList = EF6A97211D1E806600C45871 /* Build configuration list for PBXProject "PhotoGallery" */;
			compatibilityVersion = "Xcode 3.2";
			developmentRegion = English;
			hasScannedForEncodings = 0;
			knownRegions = (
				en,
				Base,
			);
			mainGroup = EF6A971D1D1E806600C45871;
			productRefGroup = EF6A97271D1E806600C45871 /* Products */;
			projectDirPath = "";
			projectRoot = "";
			targets = (
				EF6A97251D1E806600C45871 /* PhotoGallery */,
				EF6A973E1D1E806600C45871 /* PhotoGalleryTests */,
			);
		};
/* End PBXProject section */

/* Begin PBXResourcesBuildPhase section */
		EF6A97241D1E806600C45871 /* Resources */ = {
			isa = PBXResourcesBuildPhase;
			buildActionMask = 2147483647;
			files = (
				EFE5583E1D1EABAB004868E7 /* Development-Config.plist in Resources */,
				EF6A975C1D1E814F00C45871 /* Assets.xcassets in Resources */,
				EF6A975D1D1E814F00C45871 /* LaunchScreen.storyboard in Resources */,
			);
			runOnlyForDeploymentPostprocessing = 0;
		};
		EF6A973D1D1E806600C45871 /* Resources */ = {
			isa = PBXResourcesBuildPhase;
			buildActionMask = 2147483647;
			files = (
				D6185B00099111CA57C86504 /* ErrorResponse.json in Resources */,
				D6185F0191E344E325DD1DEE /* PhotoSearchResponse.json in Resources */,
			);
			runOnlyForDeploymentPostprocessing = 0;
		};
/* End PBXResourcesBuildPhase section */

/* Begin PBXShellScriptBuildPhase section */
		0276F26E4BD9213B625034BD /* Check Pods Manifest.lock */ = {
			isa = PBXShellScriptBuildPhase;
			buildActionMask = 2147483647;
			files = (
			);
			inputPaths = (
			);
			name = "Check Pods Manifest.lock";
			outputPaths = (
			);
			runOnlyForDeploymentPostprocessing = 0;
			shellPath = /bin/sh;
			shellScript = "diff \"${PODS_ROOT}/../Podfile.lock\" \"${PODS_ROOT}/Manifest.lock\" > /dev/null\nif [[ $? != 0 ]] ; then\n    cat << EOM\nerror: The sandbox is not in sync with the Podfile.lock. Run 'pod install' or update your CocoaPods installation.\nEOM\n    exit 1\nfi\n";
			showEnvVarsInLog = 0;
		};
		0E86E2B38158D46BA429C1AA /* Check Pods Manifest.lock */ = {
			isa = PBXShellScriptBuildPhase;
			buildActionMask = 2147483647;
			files = (
			);
			inputPaths = (
			);
			name = "Check Pods Manifest.lock";
			outputPaths = (
			);
			runOnlyForDeploymentPostprocessing = 0;
			shellPath = /bin/sh;
			shellScript = "diff \"${PODS_ROOT}/../Podfile.lock\" \"${PODS_ROOT}/Manifest.lock\" > /dev/null\nif [[ $? != 0 ]] ; then\n    cat << EOM\nerror: The sandbox is not in sync with the Podfile.lock. Run 'pod install' or update your CocoaPods installation.\nEOM\n    exit 1\nfi\n";
			showEnvVarsInLog = 0;
		};
		474013960E9701FFD7869758 /* Embed Pods Frameworks */ = {
			isa = PBXShellScriptBuildPhase;
			buildActionMask = 2147483647;
			files = (
			);
			inputPaths = (
			);
			name = "Embed Pods Frameworks";
			outputPaths = (
			);
			runOnlyForDeploymentPostprocessing = 0;
			shellPath = /bin/sh;
			shellScript = "\"${SRCROOT}/Pods/Target Support Files/Pods-PhotoGallery/Pods-PhotoGallery-frameworks.sh\"\n";
			showEnvVarsInLog = 0;
		};
		769B00687A78FE3E6852034A /* Copy Pods Resources */ = {
			isa = PBXShellScriptBuildPhase;
			buildActionMask = 2147483647;
			files = (
			);
			inputPaths = (
			);
			name = "Copy Pods Resources";
			outputPaths = (
			);
			runOnlyForDeploymentPostprocessing = 0;
			shellPath = /bin/sh;
			shellScript = "\"${SRCROOT}/Pods/Target Support Files/Pods-PhotoGalleryTests/Pods-PhotoGalleryTests-resources.sh\"\n";
			showEnvVarsInLog = 0;
		};
		9108D244F14C71F972862C90 /* Embed Pods Frameworks */ = {
			isa = PBXShellScriptBuildPhase;
			buildActionMask = 2147483647;
			files = (
			);
			inputPaths = (
			);
			name = "Embed Pods Frameworks";
			outputPaths = (
			);
			runOnlyForDeploymentPostprocessing = 0;
			shellPath = /bin/sh;
			shellScript = "\"${SRCROOT}/Pods/Target Support Files/Pods-PhotoGalleryTests/Pods-PhotoGalleryTests-frameworks.sh\"\n";
			showEnvVarsInLog = 0;
		};
		EB1597BB53CFE1DDE0F883F0 /* Copy Pods Resources */ = {
			isa = PBXShellScriptBuildPhase;
			buildActionMask = 2147483647;
			files = (
			);
			inputPaths = (
			);
			name = "Copy Pods Resources";
			outputPaths = (
			);
			runOnlyForDeploymentPostprocessing = 0;
			shellPath = /bin/sh;
			shellScript = "\"${SRCROOT}/Pods/Target Support Files/Pods-PhotoGallery/Pods-PhotoGallery-resources.sh\"\n";
			showEnvVarsInLog = 0;
		};
/* End PBXShellScriptBuildPhase section */

/* Begin PBXSourcesBuildPhase section */
		EF6A97221D1E806600C45871 /* Sources */ = {
			isa = PBXSourcesBuildPhase;
			buildActionMask = 2147483647;
			files = (
				EF6A975F1D1E814F00C45871 /* AppDelegate.m in Sources */,
				EF6A972B1D1E806600C45871 /* main.m in Sources */,
				D61859D5D6183C8E8EDB45B7 /* Configuration.m in Sources */,
				D618507967505CF5150A677C /* ConfigurationKeys.m in Sources */,
				D6185882936B33A8A628D58B /* SearchAPIService.m in Sources */,
				D6185581D2FAC8E01E9AFD17 /* SearchGalleryViewController.m in Sources */,
				D6185A11A5A618D706B04A1B /* CollectionStorage.m in Sources */,
				D6185859C1E203CAC3C50F89 /* SearchGalleryViewModel.m in Sources */,
				D6185AEE265EA0E309FA7E73 /* DefaultCollectionViewDataSource.m in Sources */,
				D61856E93FD8923EC10F8E77 /* DefaultCollectionViewDelegate.m in Sources */,
				D618547E1D24DA6A25F08211 /* BaseListFlickrAPIResponse.m in Sources */,
				D6185A6FD60971ADC4BCE4C4 /* Photo.m in Sources */,
				D6185224ED47EAC2C0F47605 /* FlickrAPIErrorResponse.m in Sources */,
				D61856EA30B7D9A74981C209 /* MainNavigationRouter.m in Sources */,
				D61855CD752A9241886E334B /* PhotoDetailsTransitionAnimator.m in Sources */,
				D6185A3A50DC025F6A726F9B /* PhotoDetailsTransitionController.m in Sources */,
				D61859F31699291A86A21797 /* PhotoDismissInteractionController.m in Sources */,
				D618541BB6BF4849419464EB /* PhotoDetailsViewController.m in Sources */,
				D618513921E533B5D0A49BBA /* PhotoAccessoriesView.m in Sources */,
				D6185B843D206DD93FCF5AA4 /* ImageScrollView.m in Sources */,
				D618550712FB2ECA074E71D2 /* UICollectionView+EmptyState.m in Sources */,
				D6185C7F73CDA04F4F46DD44 /* AutoUpdatingLayout.m in Sources */,
				D61857D55C3704F736CB1A19 /* UIColor+PhotoGallery.m in Sources */,
				D618555FEAB1B650A215D395 /* PhotoViewCollectionCell.m in Sources */,
				D618547FCCCC7BCE7FCDB747 /* PhotoCellViewModel.m in Sources */,
				D6185E2EA102E65F8DA95154 /* PhotoDetailsViewModel.m in Sources */,
				D6185BCF5105BE8CA860EC0C /* SuggestionAPIService.m in Sources */,
				D6185F1E235CF35583ED9750 /* NetworkService.m in Sources */,
				D6185A006AB7D2EAB8DD7328 /* FlickrAPIRequestSerializer.m in Sources */,
				D618558AAEABE178F6D3F7BF /* PhotoSearchFlickrAPIResponse.m in Sources */,
				D6185260596A21AE4883D9FA /* SuggestionTagResponse.m in Sources */,
				D618502294400FDF461EFFBB /* Tag.m in Sources */,
				D61850ABFB4B14F132D2A620 /* APIServiceProvider.m in Sources */,
				D6185C55E28A6969E37D0AB2 /* SuggestionTagViewModel.m in Sources */,
				D6185927E49D7ED95E245B23 /* SuggestionViewController.m in Sources */,
			);
			runOnlyForDeploymentPostprocessing = 0;
		};
		EF6A973B1D1E806600C45871 /* Sources */ = {
			isa = PBXSourcesBuildPhase;
			buildActionMask = 2147483647;
			files = (
				D618504FCC8F63F7FB3E68A2 /* SearchAPIServiceSpec.m in Sources */,
				D6185EDAF888704D3B8B1A31 /* JSONLoader.m in Sources */,
				D6185AD1AB1A5DBA5D8B45F9 /* ConfigurationKeys.m in Sources */,
				D6185CE01E08D750031F5243 /* Configuration.m in Sources */,
				D61852BFBA97EE4C177830DD /* SearchAPIService.m in Sources */,
				D6185D536BBEDD9F96D5B098 /* BaseListFlickrAPIResponse.m in Sources */,
				D618523D8936C178A38A2C34 /* Photo.m in Sources */,
				D61858D89F0039BF6BA8F217 /* FlickrAPIErrorResponse.m in Sources */,
				D618591EE620E5E8491DCC4E /* SuggestionAPIService.m in Sources */,
				D618557E4BBB5585EB036147 /* NetworkService.m in Sources */,
				D6185A76A0BB5A7E3A211CFE /* FlickrAPIRequestSerializer.m in Sources */,
				D618592F273B64CB9B7CD8F1 /* PhotoSearchFlickrAPIResponse.m in Sources */,
				D61855E5F34EC7B2332B7617 /* SuggestionTagResponse.m in Sources */,
				D61859148849932DFA35A232 /* Tag.m in Sources */,
				D6185D60E7C414C080EB97FB /* APIServiceProvider.m in Sources */,
				D61857896F12FCB903CAE547 /* SuggestionTagViewModel.m in Sources */,
			);
			runOnlyForDeploymentPostprocessing = 0;
		};
/* End PBXSourcesBuildPhase section */

/* Begin PBXTargetDependency section */
		EF6A97411D1E806600C45871 /* PBXTargetDependency */ = {
			isa = PBXTargetDependency;
			target = EF6A97251D1E806600C45871 /* PhotoGallery */;
			targetProxy = EF6A97401D1E806600C45871 /* PBXContainerItemProxy */;
		};
/* End PBXTargetDependency section */

/* Begin PBXVariantGroup section */
		EF6A97501D1E814F00C45871 /* LaunchScreen.storyboard */ = {
			isa = PBXVariantGroup;
			children = (
				EF6A97511D1E814F00C45871 /* Base */,
			);
			name = LaunchScreen.storyboard;
			sourceTree = "<group>";
		};
/* End PBXVariantGroup section */

/* Begin XCBuildConfiguration section */
		EF6A97461D1E806600C45871 /* Debug */ = {
			isa = XCBuildConfiguration;
			buildSettings = {
				ALWAYS_SEARCH_USER_PATHS = NO;
				CLANG_ANALYZER_NONNULL = YES;
				CLANG_CXX_LANGUAGE_STANDARD = "gnu++0x";
				CLANG_CXX_LIBRARY = "libc++";
				CLANG_ENABLE_MODULES = YES;
				CLANG_ENABLE_OBJC_ARC = YES;
				CLANG_WARN_BOOL_CONVERSION = YES;
				CLANG_WARN_CONSTANT_CONVERSION = YES;
				CLANG_WARN_DIRECT_OBJC_ISA_USAGE = YES_ERROR;
				CLANG_WARN_EMPTY_BODY = YES;
				CLANG_WARN_ENUM_CONVERSION = YES;
				CLANG_WARN_INT_CONVERSION = YES;
				CLANG_WARN_OBJC_ROOT_CLASS = YES_ERROR;
				CLANG_WARN_UNREACHABLE_CODE = YES;
				CLANG_WARN__DUPLICATE_METHOD_MATCH = YES;
				"CODE_SIGN_IDENTITY[sdk=iphoneos*]" = "iPhone Developer";
				COPY_PHASE_STRIP = NO;
				DEBUG_INFORMATION_FORMAT = dwarf;
				ENABLE_STRICT_OBJC_MSGSEND = YES;
				ENABLE_TESTABILITY = YES;
				GCC_C_LANGUAGE_STANDARD = gnu99;
				GCC_DYNAMIC_NO_PIC = NO;
				GCC_NO_COMMON_BLOCKS = YES;
				GCC_OPTIMIZATION_LEVEL = 0;
				GCC_PREPROCESSOR_DEFINITIONS = (
					"DEBUG=1",
					"$(inherited)",
				);
				GCC_WARN_64_TO_32_BIT_CONVERSION = YES;
				GCC_WARN_ABOUT_RETURN_TYPE = YES_ERROR;
				GCC_WARN_UNDECLARED_SELECTOR = YES;
				GCC_WARN_UNINITIALIZED_AUTOS = YES_AGGRESSIVE;
				GCC_WARN_UNUSED_FUNCTION = YES;
				GCC_WARN_UNUSED_VARIABLE = YES;
				IPHONEOS_DEPLOYMENT_TARGET = 8.0;
				MTL_ENABLE_DEBUG_INFO = YES;
				ONLY_ACTIVE_ARCH = YES;
				SDKROOT = iphoneos;
				TARGETED_DEVICE_FAMILY = "1,2";
			};
			name = Debug;
		};
		EF6A97471D1E806600C45871 /* Release */ = {
			isa = XCBuildConfiguration;
			buildSettings = {
				ALWAYS_SEARCH_USER_PATHS = NO;
				CLANG_ANALYZER_NONNULL = YES;
				CLANG_CXX_LANGUAGE_STANDARD = "gnu++0x";
				CLANG_CXX_LIBRARY = "libc++";
				CLANG_ENABLE_MODULES = YES;
				CLANG_ENABLE_OBJC_ARC = YES;
				CLANG_WARN_BOOL_CONVERSION = YES;
				CLANG_WARN_CONSTANT_CONVERSION = YES;
				CLANG_WARN_DIRECT_OBJC_ISA_USAGE = YES_ERROR;
				CLANG_WARN_EMPTY_BODY = YES;
				CLANG_WARN_ENUM_CONVERSION = YES;
				CLANG_WARN_INT_CONVERSION = YES;
				CLANG_WARN_OBJC_ROOT_CLASS = YES_ERROR;
				CLANG_WARN_UNREACHABLE_CODE = YES;
				CLANG_WARN__DUPLICATE_METHOD_MATCH = YES;
				"CODE_SIGN_IDENTITY[sdk=iphoneos*]" = "iPhone Developer";
				COPY_PHASE_STRIP = NO;
				DEBUG_INFORMATION_FORMAT = "dwarf-with-dsym";
				ENABLE_NS_ASSERTIONS = NO;
				ENABLE_STRICT_OBJC_MSGSEND = YES;
				GCC_C_LANGUAGE_STANDARD = gnu99;
				GCC_NO_COMMON_BLOCKS = YES;
				GCC_WARN_64_TO_32_BIT_CONVERSION = YES;
				GCC_WARN_ABOUT_RETURN_TYPE = YES_ERROR;
				GCC_WARN_UNDECLARED_SELECTOR = YES;
				GCC_WARN_UNINITIALIZED_AUTOS = YES_AGGRESSIVE;
				GCC_WARN_UNUSED_FUNCTION = YES;
				GCC_WARN_UNUSED_VARIABLE = YES;
				IPHONEOS_DEPLOYMENT_TARGET = 8.0;
				MTL_ENABLE_DEBUG_INFO = NO;
				SDKROOT = iphoneos;
				TARGETED_DEVICE_FAMILY = "1,2";
				VALIDATE_PRODUCT = YES;
			};
			name = Release;
		};
		EF6A97491D1E806600C45871 /* Debug */ = {
			isa = XCBuildConfiguration;
			baseConfigurationReference = A18E271374E84948FC5F6864 /* Pods-PhotoGallery.debug.xcconfig */;
			buildSettings = {
				ASSETCATALOG_COMPILER_APPICON_NAME = AppIcon;
				CODE_SIGN_IDENTITY = "iPhone Developer";
				"CODE_SIGN_IDENTITY[sdk=iphoneos*]" = "iPhone Developer";
				CONFIGURATION_PLIST = "Development-Config";
				INFOPLIST_FILE = PhotoGallery/Info.plist;
				IPHONEOS_DEPLOYMENT_TARGET = 8.0;
				LD_RUNPATH_SEARCH_PATHS = "$(inherited) @executable_path/Frameworks";
				PRODUCT_BUNDLE_IDENTIFIER = com.tulusha.PhotoGallery;
				PRODUCT_NAME = "$(TARGET_NAME)";
				PROVISIONING_PROFILE = "";
			};
			name = Debug;
		};
		EF6A974A1D1E806600C45871 /* Release */ = {
			isa = XCBuildConfiguration;
			baseConfigurationReference = 96ADB4FCDE1EA2EFE7F4CA90 /* Pods-PhotoGallery.release.xcconfig */;
			buildSettings = {
				ASSETCATALOG_COMPILER_APPICON_NAME = AppIcon;
				CODE_SIGN_IDENTITY = "iPhone Developer";
				"CODE_SIGN_IDENTITY[sdk=iphoneos*]" = "iPhone Developer";
				CONFIGURATION_PLIST = "Development-Config";
				INFOPLIST_FILE = PhotoGallery/Info.plist;
				IPHONEOS_DEPLOYMENT_TARGET = 8.0;
				LD_RUNPATH_SEARCH_PATHS = "$(inherited) @executable_path/Frameworks";
				PRODUCT_BUNDLE_IDENTIFIER = com.tulusha.PhotoGallery;
				PRODUCT_NAME = "$(TARGET_NAME)";
				PROVISIONING_PROFILE = "";
			};
			name = Release;
		};
		EF6A974C1D1E806600C45871 /* Debug */ = {
			isa = XCBuildConfiguration;
			baseConfigurationReference = 362E376B32B961F272EB109D /* Pods-PhotoGalleryTests.debug.xcconfig */;
			buildSettings = {
				INFOPLIST_FILE = PhotoGalleryTests/Info.plist;
				LD_RUNPATH_SEARCH_PATHS = "$(inherited) @executable_path/Frameworks @loader_path/Frameworks";
				PRODUCT_BUNDLE_IDENTIFIER = com.tulusha.PhotoGalleryTests;
				PRODUCT_NAME = "$(TARGET_NAME)";
			};
			name = Debug;
		};
		EF6A974D1D1E806600C45871 /* Release */ = {
			isa = XCBuildConfiguration;
			baseConfigurationReference = 18CA4AEDB90F688FFFDE322A /* Pods-PhotoGalleryTests.release.xcconfig */;
			buildSettings = {
				INFOPLIST_FILE = PhotoGalleryTests/Info.plist;
				LD_RUNPATH_SEARCH_PATHS = "$(inherited) @executable_path/Frameworks @loader_path/Frameworks";
				PRODUCT_BUNDLE_IDENTIFIER = com.tulusha.PhotoGalleryTests;
				PRODUCT_NAME = "$(TARGET_NAME)";
			};
			name = Release;
		};
/* End XCBuildConfiguration section */

/* Begin XCConfigurationList section */
		EF6A97211D1E806600C45871 /* Build configuration list for PBXProject "PhotoGallery" */ = {
			isa = XCConfigurationList;
			buildConfigurations = (
				EF6A97461D1E806600C45871 /* Debug */,
				EF6A97471D1E806600C45871 /* Release */,
			);
			defaultConfigurationIsVisible = 0;
			defaultConfigurationName = Release;
		};
		EF6A97481D1E806600C45871 /* Build configuration list for PBXNativeTarget "PhotoGallery" */ = {
			isa = XCConfigurationList;
			buildConfigurations = (
				EF6A97491D1E806600C45871 /* Debug */,
				EF6A974A1D1E806600C45871 /* Release */,
			);
			defaultConfigurationIsVisible = 0;
			defaultConfigurationName = Release;
		};
		EF6A974B1D1E806600C45871 /* Build configuration list for PBXNativeTarget "PhotoGalleryTests" */ = {
			isa = XCConfigurationList;
			buildConfigurations = (
				EF6A974C1D1E806600C45871 /* Debug */,
				EF6A974D1D1E806600C45871 /* Release */,
			);
			defaultConfigurationIsVisible = 0;
			defaultConfigurationName = Release;
		};
/* End XCConfigurationList section */
	};
	rootObject = EF6A971E1D1E806600C45871 /* Project object */;
}
